# This file is generated by running "yarn install" inside your project.
# Manual changes might be lost - proceed with caution!

__metadata:
  version: 6
  cacheKey: 8

"@cloudflare/workers-types@npm:^4.20230419.0":
  version: 4.20230419.0
  resolution: "@cloudflare/workers-types@npm:4.20230419.0"
  checksum: db1eb1e74029da8ee3eaed8c8b83e1bc3a10801d328ccfddf39258e5eb679ffb34776fab441f6ac66aa304bc3715dedce77083aed3d79b4825639fb24970c164
  languageName: node
  linkType: hard

"CRouter@workspace:.":
  version: 0.0.0-use.local
  resolution: "CRouter@workspace:."
  dependencies:
    "@cloudflare/workers-types": ^4.20230419.0
  languageName: unknown
  linkType: soft
